{
  "name": "wordwords",
  "version": "1.0.0",
  "lockfileVersion": 2,
  "requires": true,
  "packages": {
    "": {
      "name": "wordwords",
      "version": "1.0.0",
      "license": "ISC",
      "dependencies": {
        "@vkontakte/vk-bridge": "^2.5.3"
      }
    },
    "node_modules/@vkontakte/vk-bridge": {
      "version": "2.5.3",
      "resolved": "https://registry.npmjs.org/@vkontakte/vk-bridge/-/vk-bridge-2.5.3.tgz",
      "integrity": "sha512-VQaRXOixKh+hxnBPEgDqtVxiajxrZWWOlykpHsKD85qCNLW9Mrnd6GSbyK6xu7qYUSCT6n7yD6pJsm1mFRBdfQ=="
    }
  },
  "dependencies": {
    "@vkontakte/vk-bridge": {
      "version": "2.5.3",
      "resolved": "https://registry.npmjs.org/@vkontakte/vk-bridge/-/vk-bridge-2.5.3.tgz",
      "integrity": "sha512-VQaRXOixKh+hxnBPEgDqtVxiajxrZWWOlykpHsKD85qCNLW9Mrnd6GSbyK6xu7qYUSCT6n7yD6pJsm1mFRBdfQ=="
    }
  }
}
